
Microsoft Visual Studio Solution File, Format Version 12.00
# Visual Studio Version 17
VisualStudioVersion = 17.11.35208.52
MinimumVisualStudioVersion = 10.0.40219.1
Project("{9A19103F-16F7-4668-BE54-9A1E7A4F7556}") = "L8 - Layouts", "L8 - Layouts\L8 - Layouts.csproj", "{3C50E634-0A07-46BA-A81A-53BCB95272DF}"
EndProject
Global
	GlobalSection(SolutionConfigurationPlatforms) = preSolution
		Debug|Any CPU = Debug|Any CPU
		Release|Any CPU = Release|Any CPU
	EndGlobalSection
	GlobalSection(ProjectConfigurationPlatforms) = postSolution
		{3C50E634-0A07-46BA-A81A-53BCB95272DF}.Debug|Any CPU.ActiveCfg = Debug|Any CPU
		{3C50E634-0A07-46BA-A81A-53BCB95272DF}.Debug|Any CPU.Build.0 = Debug|Any CPU
		{3C50E634-0A07-46BA-A81A-53BCB95272DF}.Release|Any CPU.ActiveCfg = Release|Any CPU
		{3C50E634-0A07-46BA-A81A-53BCB95272DF}.Release|Any CPU.Build.0 = Release|Any CPU
	EndGlobalSection
	GlobalSection(SolutionProperties) = preSolution
		HideSolutionNode = FALSE
	EndGlobalSection
	GlobalSection(ExtensibilityGlobals) = postSolution
		SolutionGuid = {42FE1973-D306-499D-9E3A-376CB293292B}
	EndGlobalSection
EndGlobal
