
Microsoft Visual Studio Solution File, Format Version 12.00
# Visual Studio Version 17
VisualStudioVersion = 17.11.35208.52
MinimumVisualStudioVersion = 10.0.40219.1
Project("{9A19103F-16F7-4668-BE54-9A1E7A4F7556}") = "L8 - Partial view", "L8 - Partial view\L8 - Partial view.csproj", "{89535650-D949-4247-8D34-4898CD9196B7}"
EndProject
Global
	GlobalSection(SolutionConfigurationPlatforms) = preSolution
		Debug|Any CPU = Debug|Any CPU
		Release|Any CPU = Release|Any CPU
	EndGlobalSection
	GlobalSection(ProjectConfigurationPlatforms) = postSolution
		{89535650-D949-4247-8D34-4898CD9196B7}.Debug|Any CPU.ActiveCfg = Debug|Any CPU
		{89535650-D949-4247-8D34-4898CD9196B7}.Debug|Any CPU.Build.0 = Debug|Any CPU
		{89535650-D949-4247-8D34-4898CD9196B7}.Release|Any CPU.ActiveCfg = Release|Any CPU
		{89535650-D949-4247-8D34-4898CD9196B7}.Release|Any CPU.Build.0 = Release|Any CPU
	EndGlobalSection
	GlobalSection(SolutionProperties) = preSolution
		HideSolutionNode = FALSE
	EndGlobalSection
	GlobalSection(ExtensibilityGlobals) = postSolution
		SolutionGuid = {DFD65751-69D0-4CBE-AF22-FC1CCD3C4D6B}
	EndGlobalSection
EndGlobal
