
Microsoft Visual Studio Solution File, Format Version 12.00
# Visual Studio Version 17
VisualStudioVersion = 17.11.35208.52
MinimumVisualStudioVersion = 10.0.40219.1
Project("{FAE04EC0-301F-11D3-BF4B-00C04F79EFBC}") = "L4 - DelegateExercise", "L4 - DelegateExercise\L4 - DelegateExercise.csproj", "{3999D854-C412-441F-91CE-FAC6D5BD848E}"
EndProject
Global
	GlobalSection(SolutionConfigurationPlatforms) = preSolution
		Debug|Any CPU = Debug|Any CPU
		Release|Any CPU = Release|Any CPU
	EndGlobalSection
	GlobalSection(ProjectConfigurationPlatforms) = postSolution
		{3999D854-C412-441F-91CE-FAC6D5BD848E}.Debug|Any CPU.ActiveCfg = Debug|Any CPU
		{3999D854-C412-441F-91CE-FAC6D5BD848E}.Debug|Any CPU.Build.0 = Debug|Any CPU
		{3999D854-C412-441F-91CE-FAC6D5BD848E}.Release|Any CPU.ActiveCfg = Release|Any CPU
		{3999D854-C412-441F-91CE-FAC6D5BD848E}.Release|Any CPU.Build.0 = Release|Any CPU
	EndGlobalSection
	GlobalSection(SolutionProperties) = preSolution
		HideSolutionNode = FALSE
	EndGlobalSection
	GlobalSection(ExtensibilityGlobals) = postSolution
		SolutionGuid = {217E39E5-4C5A-4EB8-990B-B36B28EC9B6B}
	EndGlobalSection
EndGlobal
