
Microsoft Visual Studio Solution File, Format Version 12.00
# Visual Studio Version 17
VisualStudioVersion = 17.11.35208.52
MinimumVisualStudioVersion = 10.0.40219.1
Project("{FAE04EC0-301F-11D3-BF4B-00C04F79EFBC}") = "L3 - cards (exercise 3.9)", "L3 - cards (exercise 3.9)\L3 - cards (exercise 3.9).csproj", "{B5E30812-FD9D-4BEF-97BF-B6742251634B}"
EndProject
Global
	GlobalSection(SolutionConfigurationPlatforms) = preSolution
		Debug|Any CPU = Debug|Any CPU
		Release|Any CPU = Release|Any CPU
	EndGlobalSection
	GlobalSection(ProjectConfigurationPlatforms) = postSolution
		{B5E30812-FD9D-4BEF-97BF-B6742251634B}.Debug|Any CPU.ActiveCfg = Debug|Any CPU
		{B5E30812-FD9D-4BEF-97BF-B6742251634B}.Debug|Any CPU.Build.0 = Debug|Any CPU
		{B5E30812-FD9D-4BEF-97BF-B6742251634B}.Release|Any CPU.ActiveCfg = Release|Any CPU
		{B5E30812-FD9D-4BEF-97BF-B6742251634B}.Release|Any CPU.Build.0 = Release|Any CPU
	EndGlobalSection
	GlobalSection(SolutionProperties) = preSolution
		HideSolutionNode = FALSE
	EndGlobalSection
	GlobalSection(ExtensibilityGlobals) = postSolution
		SolutionGuid = {9DFD0DA0-FC06-4CB7-84B7-9CE86893AA40}
	EndGlobalSection
EndGlobal
