
Microsoft Visual Studio Solution File, Format Version 12.00
# Visual Studio Version 17
VisualStudioVersion = 17.11.35208.52
MinimumVisualStudioVersion = 10.0.40219.1
Project("{FAE04EC0-301F-11D3-BF4B-00C04F79EFBC}") = "L5 - LINQ (5.1-5.2)", "L5 - LINQ (5.1-5.2)\L5 - LINQ (5.1-5.2).csproj", "{C90F4DF9-DC0D-4EAB-8C39-EC13BC0ED3D1}"
EndProject
Global
	GlobalSection(SolutionConfigurationPlatforms) = preSolution
		Debug|Any CPU = Debug|Any CPU
		Release|Any CPU = Release|Any CPU
	EndGlobalSection
	GlobalSection(ProjectConfigurationPlatforms) = postSolution
		{C90F4DF9-DC0D-4EAB-8C39-EC13BC0ED3D1}.Debug|Any CPU.ActiveCfg = Debug|Any CPU
		{C90F4DF9-DC0D-4EAB-8C39-EC13BC0ED3D1}.Debug|Any CPU.Build.0 = Debug|Any CPU
		{C90F4DF9-DC0D-4EAB-8C39-EC13BC0ED3D1}.Release|Any CPU.ActiveCfg = Release|Any CPU
		{C90F4DF9-DC0D-4EAB-8C39-EC13BC0ED3D1}.Release|Any CPU.Build.0 = Release|Any CPU
	EndGlobalSection
	GlobalSection(SolutionProperties) = preSolution
		HideSolutionNode = FALSE
	EndGlobalSection
	GlobalSection(ExtensibilityGlobals) = postSolution
		SolutionGuid = {4E3AD51D-7DA2-4383-A4D7-5D3422B8174D}
	EndGlobalSection
EndGlobal
