
Microsoft Visual Studio Solution File, Format Version 12.00
# Visual Studio Version 17
VisualStudioVersion = 17.11.35208.52
MinimumVisualStudioVersion = 10.0.40219.1
Project("{FAE04EC0-301F-11D3-BF4B-00C04F79EFBC}") = "L4 - (powerplant + factorial)", "L4 - (powerplant + factorial)\L4 - (powerplant + factorial).csproj", "{47B031FB-DF7F-4A31-A33E-C6231CCA7488}"
EndProject
Global
	GlobalSection(SolutionConfigurationPlatforms) = preSolution
		Debug|Any CPU = Debug|Any CPU
		Release|Any CPU = Release|Any CPU
	EndGlobalSection
	GlobalSection(ProjectConfigurationPlatforms) = postSolution
		{47B031FB-DF7F-4A31-A33E-C6231CCA7488}.Debug|Any CPU.ActiveCfg = Debug|Any CPU
		{47B031FB-DF7F-4A31-A33E-C6231CCA7488}.Debug|Any CPU.Build.0 = Debug|Any CPU
		{47B031FB-DF7F-4A31-A33E-C6231CCA7488}.Release|Any CPU.ActiveCfg = Release|Any CPU
		{47B031FB-DF7F-4A31-A33E-C6231CCA7488}.Release|Any CPU.Build.0 = Release|Any CPU
	EndGlobalSection
	GlobalSection(SolutionProperties) = preSolution
		HideSolutionNode = FALSE
	EndGlobalSection
	GlobalSection(ExtensibilityGlobals) = postSolution
		SolutionGuid = {E199E98D-1342-45A5-BB9B-E0998A824214}
	EndGlobalSection
EndGlobal
